// !$*UTF8*$!
{
	archiveVersion = 1;
	classes = {
	};
	objectVersion = 46;
	objects = {

/* Begin PBXBuildFile section */
		67408BEE1EAFABA10046F2CF /* AppDelegate.swift in Sources */ = {isa = PBXBuildFile; fileRef = 67408BED1EAFABA10046F2CF /* AppDelegate.swift */; };
		67408BF01EAFABA10046F2CF /* SearchViewController.swift in Sources */ = {isa = PBXBuildFile; fileRef = 67408BEF1EAFABA10046F2CF /* SearchViewController.swift */; };
		67408BF31EAFABA10046F2CF /* Main.storyboard in Resources */ = {isa = PBXBuildFile; fileRef = 67408BF11EAFABA10046F2CF /* Main.storyboard */; };
		67408BF51EAFABA10046F2CF /* Assets.xcassets in Resources */ = {isa = PBXBuildFile; fileRef = 67408BF41EAFABA10046F2CF /* Assets.xcassets */; };
		67408BF81EAFABA10046F2CF /* LaunchScreen.storyboard in Resources */ = {isa = PBXBuildFile; fileRef = 67408BF61EAFABA10046F2CF /* LaunchScreen.storyboard */; };
		67408C001EAFB8290046F2CF /* SwiftyJSON.swift in Sources */ = {isa = PBXBuildFile; fileRef = 67408BFF1EAFB8290046F2CF /* SwiftyJSON.swift */; };
		67408C021EAFC66A0046F2CF /* DetailVC.swift in Sources */ = {isa = PBXBuildFile; fileRef = 67408C011EAFC66A0046F2CF /* DetailVC.swift */; };
/* End PBXBuildFile section */

/* Begin PBXFileReference section */
		67408BEA1EAFABA10046F2CF /* FlickrSearch.app */ = {isa = PBXFileReference; explicitFileType = wrapper.application; includeInIndex = 0; path = FlickrSearch.app; sourceTree = BUILT_PRODUCTS_DIR; };
		67408BED1EAFABA10046F2CF /* AppDelegate.swift */ = {isa = PBXFileReference; lastKnownFileType = sourcecode.swift; path = AppDelegate.swift; sourceTree = "<group>"; };
		67408BEF1EAFABA10046F2CF /* SearchViewController.swift */ = {isa = PBXFileReference; lastKnownFileType = sourcecode.swift; path = SearchViewController.swift; sourceTree = "<group>"; };
		67408BF21EAFABA10046F2CF /* Base */ = {isa = PBXFileReference; lastKnownFileType = file.storyboard; name = Base; path = Base.lproj/Main.storyboard; sourceTree = "<group>"; };
		67408BF41EAFABA10046F2CF /* Assets.xcassets */ = {isa = PBXFileReference; lastKnownFileType = folder.assetcatalog; path = Assets.xcassets; sourceTree = "<group>"; };
		67408BF71EAFABA10046F2CF /* Base */ = {isa = PBXFileReference; lastKnownFileType = file.storyboard; name = Base; path = Base.lproj/LaunchScreen.storyboard; sourceTree = "<group>"; };
		67408BF91EAFABA10046F2CF /* Info.plist */ = {isa = PBXFileReference; lastKnownFileType = text.plist.xml; path = Info.plist; sourceTree = "<group>"; };
		67408BFF1EAFB8290046F2CF /* SwiftyJSON.swift */ = {isa = PBXFileReference; fileEncoding = 4; lastKnownFileType = sourcecode.swift; path = SwiftyJSON.swift; sourceTree = "<group>"; };
		67408C011EAFC66A0046F2CF /* DetailVC.swift */ = {isa = PBXFileReference; fileEncoding = 4; lastKnownFileType = sourcecode.swift; path = DetailVC.swift; sourceTree = "<group>"; };
/* End PBXFileReference section */

/* Begin PBXFrameworksBuildPhase section */
		67408BE71EAFABA10046F2CF /* Frameworks */ = {
			isa = PBXFrameworksBuildPhase;
			buildActionMask = 2147483647;
			files = (
			);
			runOnlyForDeploymentPostprocessing = 0;
		};
/* End PBXFrameworksBuildPhase section */

/* Begin PBXGroup section */
		67408BE11EAFABA10046F2CF = {
			isa = PBXGroup;
			children = (
				67408BEC1EAFABA10046F2CF /* FlickrSearch */,
				67408BEB1EAFABA10046F2CF /* Products */,
			);
			sourceTree = "<group>";
		};
		67408BEB1EAFABA10046F2CF /* Products */ = {
			isa = PBXGroup;
			children = (
				67408BEA1EAFABA10046F2CF /* FlickrSearch.app */,
			);
			name = Products;
			sourceTree = "<group>";
		};
		67408BEC1EAFABA10046F2CF /* FlickrSearch */ = {
			isa = PBXGroup;
			children = (
				67408BED1EAFABA10046F2CF /* AppDelegate.swift */,
				67408BEF1EAFABA10046F2CF /* SearchViewController.swift */,
				67408C011EAFC66A0046F2CF /* DetailVC.swift */,
				67408BF11EAFABA10046F2CF /* Main.storyboard */,
				67408BF41EAFABA10046F2CF /* Assets.xcassets */,
				67408BF61EAFABA10046F2CF /* LaunchScreen.storyboard */,
				67408BF91EAFABA10046F2CF /* Info.plist */,
				67408BFF1EAFB8290046F2CF /* SwiftyJSON.swift */,
			);
			path = FlickrSearch;
			sourceTree = "<group>";
		};
/* End PBXGroup section */

/* Begin PBXNativeTarget section */
		67408BE91EAFABA10046F2CF /* FlickrSearch */ = {
			isa = PBXNativeTarget;
			buildConfigurationList = 67408BFC1EAFABA10046F2CF /* Build configuration list for PBXNativeTarget "FlickrSearch" */;
			buildPhases = (
				67408BE61EAFABA10046F2CF /* Sources */,
				67408BE71EAFABA10046F2CF /* Frameworks */,
				67408BE81EAFABA10046F2CF /* Resources */,
			);
			buildRules = (
			);
			dependencies = (
			);
			name = FlickrSearch;
			productName = FlickrSearch;
			productReference = 67408BEA1EAFABA10046F2CF /* FlickrSearch.app */;
			productType = "com.apple.product-type.application";
		};
/* End PBXNativeTarget section */

/* Begin PBXProject section */
		67408BE21EAFABA10046F2CF /* Project object */ = {
			isa = PBXProject;
			attributes = {
				LastSwiftUpdateCheck = 0830;
				LastUpgradeCheck = 0830;
				ORGANIZATIONNAME = "Charles Schneiders";
				TargetAttributes = {
					67408BE91EAFABA10046F2CF = {
						CreatedOnToolsVersion = 8.3.1;
						DevelopmentTeam = U4ZD4M56UJ;
						ProvisioningStyle = Automatic;
					};
				};
			};
			buildConfigurationList = 67408BE51EAFABA10046F2CF /* Build configuration list for PBXProject "FlickrSearch" */;
			compatibilityVersion = "Xcode 3.2";
			developmentRegion = English;
			hasScannedForEncodings = 0;
			knownRegions = (
				en,
				Base,
			);
			mainGroup = 67408BE11EAFABA10046F2CF;
			productRefGroup = 67408BEB1EAFABA10046F2CF /* Products */;
			projectDirPath = "";
			projectRoot = "";
			targets = (
				67408BE91EAFABA10046F2CF /* FlickrSearch */,
			);
		};
/* End PBXProject section */

/* Begin PBXResourcesBuildPhase section */
		67408BE81EAFABA10046F2CF /* Resources */ = {
			isa = PBXResourcesBuildPhase;
			buildActionMask = 2147483647;
			files = (
				67408BF81EAFABA10046F2CF /* LaunchScreen.storyboard in Resources */,
				67408BF51EAFABA10046F2CF /* Assets.xcassets in Resources */,
				67408BF31EAFABA10046F2CF /* Main.storyboard in Resources */,
			);
			runOnlyForDeploymentPostprocessing = 0;
		};
/* End PBXResourcesBuildPhase section */

/* Begin PBXSourcesBuildPhase section */
		67408BE61EAFABA10046F2CF /* Sources */ = {
			isa = PBXSourcesBuildPhase;
			buildActionMask = 2147483647;
			files = (
				67408C001EAFB8290046F2CF /* SwiftyJSON.swift in Sources */,
				67408C021EAFC66A0046F2CF /* DetailVC.swift in Sources */,
				67408BF01EAFABA10046F2CF /* SearchViewController.swift in Sources */,
				67408BEE1EAFABA10046F2CF /* AppDelegate.swift in Sources */,
			);
			runOnlyForDeploymentPostprocessing = 0;
		};
/* End PBXSourcesBuildPhase section */

/* Begin PBXVariantGroup section */
		67408BF11EAFABA10046F2CF /* Main.storyboard */ = {
			isa = PBXVariantGroup;
			children = (
				67408BF21EAFABA10046F2CF /* Base */,
			);
			name = Main.storyboard;
			sourceTree = "<group>";
		};
		67408BF61EAFABA10046F2CF /* LaunchScreen.storyboard */ = {
			isa = PBXVariantGroup;
			children = (
				67408BF71EAFABA10046F2CF /* Base */,
			);
			name = LaunchScreen.storyboard;
			sourceTree = "<group>";
		};
/* End PBXVariantGroup section */

/* Begin XCBuildConfiguration section */
		67408BFA1EAFABA10046F2CF /* Debug */ = {
			isa = XCBuildConfiguration;
			buildSettings = {
				ALWAYS_SEARCH_USER_PATHS = NO;
				CLANG_ANALYZER_NONNULL = YES;
				CLANG_ANALYZER_NUMBER_OBJECT_CONVERSION = YES_AGGRESSIVE;
				CLANG_CXX_LANGUAGE_STANDARD = "gnu++0x";
				CLANG_CXX_LIBRARY = "libc++";
				CLANG_ENABLE_MODULES = YES;
				CLANG_ENABLE_OBJC_ARC = YES;
				CLANG_WARN_BOOL_CONVERSION = YES;
				CLANG_WARN_CONSTANT_CONVERSION = YES;
				CLANG_WARN_DIRECT_OBJC_ISA_USAGE = YES_ERROR;
				CLANG_WARN_DOCUMENTATION_COMMENTS = YES;
				CLANG_WARN_EMPTY_BODY = YES;
				CLANG_WARN_ENUM_CONVERSION = YES;
				CLANG_WARN_INFINITE_RECURSION = YES;
				CLANG_WARN_INT_CONVERSION = YES;
				CLANG_WARN_OBJC_ROOT_CLASS = YES_ERROR;
				CLANG_WARN_SUSPICIOUS_MOVE = YES;
				CLANG_WARN_UNREACHABLE_CODE = YES;
				CLANG_WARN__DUPLICATE_METHOD_MATCH = YES;
				"CODE_SIGN_IDENTITY[sdk=iphoneos*]" = "iPhone Developer";
				COPY_PHASE_STRIP = NO;
				DEBUG_INFORMATION_FORMAT = dwarf;
				ENABLE_STRICT_OBJC_MSGSEND = YES;
				ENABLE_TESTABILITY = YES;
				GCC_C_LANGUAGE_STANDARD = gnu99;
				GCC_DYNAMIC_NO_PIC = NO;
				GCC_NO_COMMON_BLOCKS = YES;
				GCC_OPTIMIZATION_LEVEL = 0;
				GCC_PREPROCESSOR_DEFINITIONS = (
					"DEBUG=1",
					"$(inherited)",
				);
				GCC_WARN_64_TO_32_BIT_CONVERSION = YES;
				GCC_WARN_ABOUT_RETURN_TYPE = YES_ERROR;
				GCC_WARN_UNDECLARED_SELECTOR = YES;
				GCC_WARN_UNINITIALIZED_AUTOS = YES_AGGRESSIVE;
				GCC_WARN_UNUSED_FUNCTION = YES;
				GCC_WARN_UNUSED_VARIABLE = YES;
				IPHONEOS_DEPLOYMENT_TARGET = 10.3;
				MTL_ENABLE_DEBUG_INFO = YES;
				ONLY_ACTIVE_ARCH = YES;
				SDKROOT = iphoneos;
				SWIFT_ACTIVE_COMPILATION_CONDITIONS = DEBUG;
				SWIFT_OPTIMIZATION_LEVEL = "-Onone";
				TARGETED_DEVICE_FAMILY = "1,2";
			};
			name = Debug;
		};
		67408BFB1EAFABA10046F2CF /* Release */ = {
			isa = XCBuildConfiguration;
			buildSettings = {
				ALWAYS_SEARCH_USER_PATHS = NO;
				CLANG_ANALYZER_NONNULL = YES;
				CLANG_ANALYZER_NUMBER_OBJECT_CONVERSION = YES_AGGRESSIVE;
				CLANG_CXX_LANGUAGE_STANDARD = "gnu++0x";
				CLANG_CXX_LIBRARY = "libc++";
				CLANG_ENABLE_MODULES = YES;
				CLANG_ENABLE_OBJC_ARC = YES;
				CLANG_WARN_BOOL_CONVERSION = YES;
				CLANG_WARN_CONSTANT_CONVERSION = YES;
				CLANG_WARN_DIRECT_OBJC_ISA_USAGE = YES_ERROR;
				CLANG_WARN_DOCUMENTATION_COMMENTS = YES;
				CLANG_WARN_EMPTY_BODY = YES;
				CLANG_WARN_ENUM_CONVERSION = YES;
				CLANG_WARN_INFINITE_RECURSION = YES;
				CLANG_WARN_INT_CONVERSION = YES;
				CLANG_WARN_OBJC_ROOT_CLASS = YES_ERROR;
				CLANG_WARN_SUSPICIOUS_MOVE = YES;
				CLANG_WARN_UNREACHABLE_CODE = YES;
				CLANG_WARN__DUPLICATE_METHOD_MATCH = YES;
				"CODE_SIGN_IDENTITY[sdk=iphoneos*]" = "iPhone Developer";
				COPY_PHASE_STRIP = NO;
				DEBUG_INFORMATION_FORMAT = "dwarf-with-dsym";
				ENABLE_NS_ASSERTIONS = NO;
				ENABLE_STRICT_OBJC_MSGSEND = YES;
				GCC_C_LANGUAGE_STANDARD = gnu99;
				GCC_NO_COMMON_BLOCKS = YES;
				GCC_WARN_64_TO_32_BIT_CONVERSION = YES;
				GCC_WARN_ABOUT_RETURN_TYPE = YES_ERROR;
				GCC_WARN_UNDECLARED_SELECTOR = YES;
				GCC_WARN_UNINITIALIZED_AUTOS = YES_AGGRESSIVE;
				GCC_WARN_UNUSED_FUNCTION = YES;
				GCC_WARN_UNUSED_VARIABLE = YES;
				IPHONEOS_DEPLOYMENT_TARGET = 10.3;
				MTL_ENABLE_DEBUG_INFO = NO;
				SDKROOT = iphoneos;
				SWIFT_OPTIMIZATION_LEVEL = "-Owholemodule";
				TARGETED_DEVICE_FAMILY = "1,2";
				VALIDATE_PRODUCT = YES;
			};
			name = Release;
		};
		67408BFD1EAFABA10046F2CF /* Debug */ = {
			isa = XCBuildConfiguration;
			buildSettings = {
				ASSETCATALOG_COMPILER_APPICON_NAME = AppIcon;
				DEVELOPMENT_TEAM = U4ZD4M56UJ;
				INFOPLIST_FILE = FlickrSearch/Info.plist;
				LD_RUNPATH_SEARCH_PATHS = "$(inherited) @executable_path/Frameworks";
				PRODUCT_BUNDLE_IDENTIFIER = "Charles-Schneiders.FlickrSearch";
				PRODUCT_NAME = "$(TARGET_NAME)";
				SWIFT_VERSION = 3.0;
			};
			name = Debug;
		};
		67408BFE1EAFABA10046F2CF /* Release */ = {
			isa = XCBuildConfiguration;
			buildSettings = {
				ASSETCATALOG_COMPILER_APPICON_NAME = AppIcon;
				DEVELOPMENT_TEAM = U4ZD4M56UJ;
				INFOPLIST_FILE = FlickrSearch/Info.plist;
				LD_RUNPATH_SEARCH_PATHS = "$(inherited) @executable_path/Frameworks";
				PRODUCT_BUNDLE_IDENTIFIER = "Charles-Schneiders.FlickrSearch";
				PRODUCT_NAME = "$(TARGET_NAME)";
				SWIFT_VERSION = 3.0;
			};
			name = Release;
		};
/* End XCBuildConfiguration section */

/* Begin XCConfigurationList section */
		67408BE51EAFABA10046F2CF /* Build configuration list for PBXProject "FlickrSearch" */ = {
			isa = XCConfigurationList;
			buildConfigurations = (
				67408BFA1EAFABA10046F2CF /* Debug */,
				67408BFB1EAFABA10046F2CF /* Release */,
			);
			defaultConfigurationIsVisible = 0;
			defaultConfigurationName = Release;
		};
		67408BFC1EAFABA10046F2CF /* Build configuration list for PBXNativeTarget "FlickrSearch" */ = {
			isa = XCConfigurationList;
			buildConfigurations = (
				67408BFD1EAFABA10046F2CF /* Debug */,
				67408BFE1EAFABA10046F2CF /* Release */,
			);
			defaultConfigurationIsVisible = 0;
		};
/* End XCConfigurationList section */
	};
	rootObject = 67408BE21EAFABA10046F2CF /* Project object */;
}
